<?xml version="1.0" encoding="UTF-8" standalone="yes" ?>
<CodeBlocks_project_file>
	<FileVersion major="1" minor="6" />
	<Project>
		<Option title="EngineProjectG" />
		<Option pch_mode="2" />
		<Option compiler="gcc" />
		<Build>
			<Target title="Debug">
				<Option output="bin/Debug/EngineProjectG" prefix_auto="1" extension_auto="1" />
				<Option object_output="obj/Debug/" />
				<Option type="1" />
				<Option compiler="gcc" />
				<Compiler>
					<Add option="-g" />
				</Compiler>
				<Linker>
					<Add library="Allegro5/lib/liballegro_monolith-debug.dll.a" />
				</Linker>
			</Target>
			<Target title="Release">
				<Option output="bin/Release/EngineProjectG" prefix_auto="1" extension_auto="1" />
				<Option object_output="obj/Release/" />
				<Option type="1" />
				<Option compiler="gcc" />
				<Compiler>
					<Add option="-O2" />
				</Compiler>
				<Linker>
					<Add option="-s" />
					<Add library="Allegro5/lib/liballegro_monolith.dll.a" />
				</Linker>
			</Target>
		</Build>
		<Compiler>
			<Add option="-Wall" />
			<Add option="-fexceptions" />
			<Add directory="Allegro5/lib" />
			<Add directory="Allegro5/include" />
		</Compiler>
		<Unit filename="AlAbstract/Entity.h" />
		<Unit filename="AlAbstract/Scene.h" />
		<Unit filename="AlClasses/AlAnimation.cpp" />
		<Unit filename="AlClasses/AlAnimation.h" />
		<Unit filename="AlClasses/AlCond.cpp" />
		<Unit filename="AlClasses/AlCond.h" />
		<Unit filename="AlClasses/AlConfig.cpp" />
		<Unit filename="AlClasses/AlConfig.h" />
		<Unit filename="AlClasses/AlDisplay.cpp" />
		<Unit filename="AlClasses/AlDisplay.h" />
		<Unit filename="AlClasses/AlDrawable.cpp" />
		<Unit filename="AlClasses/AlDrawable.h" />
		<Unit filename="AlClasses/AlEventQueue.cpp" />
		<Unit filename="AlClasses/AlEventQueue.h" />
		<Unit filename="AlClasses/AlFont.cpp" />
		<Unit filename="AlClasses/AlFont.h" />
		<Unit filename="AlClasses/AlImage.cpp" />
		<Unit filename="AlClasses/AlImage.h" />
		<Unit filename="AlClasses/AlInitAll.cpp" />
		<Unit filename="AlClasses/AlInitAll.h" />
		<Unit filename="AlClasses/AlKeyboard.cpp" />
		<Unit filename="AlClasses/AlKeyboard.h" />
		<Unit filename="AlClasses/AlMouse.cpp" />
		<Unit filename="AlClasses/AlMouse.h" />
		<Unit filename="AlClasses/AlMutex.cpp" />
		<Unit filename="AlClasses/AlMutex.h" />
		<Unit filename="AlClasses/AlThread.cpp" />
		<Unit filename="AlClasses/AlThread.h" />
		<Unit filename="AlClasses/AlTimer.cpp" />
		<Unit filename="AlClasses/AlTimer.h" />
		<Unit filename="AlClasses/Color.cpp" />
		<Unit filename="AlClasses/Color.h" />
		<Unit filename="Engine/Camera.cpp" />
		<Unit filename="Engine/Camera.h" />
		<Unit filename="Engine/Engine.cpp" />
		<Unit filename="Engine/Engine.h" />
		<Unit filename="Engine/EntityContener.cpp" />
		<Unit filename="Engine/EntityContener.h" />
		<Unit filename="Engine/MainQueu.cpp" />
		<Unit filename="Engine/MainQueu.h" />
		<Unit filename="Engine/SceneManager.cpp" />
		<Unit filename="Engine/SceneManager.h" />
		<Unit filename="Engine/StartUpConfig.cpp" />
		<Unit filename="Engine/StartUpConfig.h" />
		<Unit filename="Enitites/Enemies/BossParticle.cpp" />
		<Unit filename="Enitites/Enemies/BossParticle.h" />
		<Unit filename="Enitites/Enemies/EnemyBat.cpp" />
		<Unit filename="Enitites/Enemies/EnemyBat.h" />
		<Unit filename="Enitites/Enemies/EnemyBoss.cpp" />
		<Unit filename="Enitites/Enemies/EnemyBoss.h" />
		<Unit filename="Enitites/Enemies/EnemyZombie.cpp" />
		<Unit filename="Enitites/Enemies/EnemyZombie.h" />
		<Unit filename="Enitites/Player/Player.cpp" />
		<Unit filename="Enitites/Player/Player.h" />
		<Unit filename="Enitites/Tiles/BackRoundTile.h" />
		<Unit filename="Enitites/Tiles/DoorTile.h" />
		<Unit filename="Enitites/Tiles/Tile.cpp" />
		<Unit filename="Enitites/Tiles/Tile.h" />
		<Unit filename="Enitites/Tiles/TilesImages.cpp" />
		<Unit filename="Enitites/Tiles/TilesImages.h" />
		<Unit filename="Enitites/Tiles/WaterTile.h" />
		<Unit filename="Enitites/UI/Button.cpp" />
		<Unit filename="Enitites/UI/Button.h" />
		<Unit filename="Enitites/UI/HpBar.cpp" />
		<Unit filename="Enitites/UI/HpBar.h" />
		<Unit filename="Scenes/BossScene.cpp" />
		<Unit filename="Scenes/BossScene.h" />
		<Unit filename="Scenes/FirstScene.cpp" />
		<Unit filename="Scenes/FirstScene.h" />
		<Unit filename="Scenes/LevelSceneBase.cpp" />
		<Unit filename="Scenes/LevelSceneBase.h" />
		<Unit filename="Scenes/MenuScene.cpp" />
		<Unit filename="Scenes/MenuScene.h" />
		<Unit filename="Scenes/SaveConfig.cpp" />
		<Unit filename="Scenes/SaveConfig.h" />
		<Unit filename="Scenes/ScenesConfig.cpp" />
		<Unit filename="Scenes/ScenesConfig.h" />
		<Unit filename="Scenes/SecondScene.cpp" />
		<Unit filename="Scenes/SecondScene.h" />
		<Unit filename="Type/FloatRect.cpp" />
		<Unit filename="Type/FloatRect.h" />
		<Unit filename="main.cpp" />
		<Extensions>
			<lib_finder disable_auto="1" />
		</Extensions>
	</Project>
</CodeBlocks_project_file>
